
Microsoft Visual Studio Solution File, Format Version 12.00
# Visual Studio Version 17
VisualStudioVersion = 17.11.35327.3
MinimumVisualStudioVersion = 10.0.40219.1
Project("{FAE04EC0-301F-11D3-BF4B-00C04F79EFBC}") = "Ecommerce_DB", "Ecommerce_DB\Ecommerce_DB.csproj", "{84F89498-016F-49A5-A07E-1D044BEE548E}"
EndProject
Global
	GlobalSection(SolutionConfigurationPlatforms) = preSolution
		Debug|Any CPU = Debug|Any CPU
		Release|Any CPU = Release|Any CPU
	EndGlobalSection
	GlobalSection(ProjectConfigurationPlatforms) = postSolution
		{84F89498-016F-49A5-A07E-1D044BEE548E}.Debug|Any CPU.ActiveCfg = Debug|Any CPU
		{84F89498-016F-49A5-A07E-1D044BEE548E}.Debug|Any CPU.Build.0 = Debug|Any CPU
		{84F89498-016F-49A5-A07E-1D044BEE548E}.Release|Any CPU.ActiveCfg = Release|Any CPU
		{84F89498-016F-49A5-A07E-1D044BEE548E}.Release|Any CPU.Build.0 = Release|Any CPU
	EndGlobalSection
	GlobalSection(SolutionProperties) = preSolution
		HideSolutionNode = FALSE
	EndGlobalSection
	GlobalSection(ExtensibilityGlobals) = postSolution
		SolutionGuid = {7D8EACFE-2589-4917-9DCF-9176972F0A9C}
	EndGlobalSection
EndGlobal
